
Microsoft Visual Studio Solution File, Format Version 12.00
# Visual Studio Version 17
VisualStudioVersion = 17.9.34622.214
MinimumVisualStudioVersion = 10.0.40219.1
Project("{8BC9CEB8-8B4A-11D0-8D11-00A0C91BC942}") = "Proyecto", "Proyecto\Proyecto.vcxproj", "{D6081DD3-0BB0-4FD0-92CD-50B0A4A1BAA8}"
EndProject
Global
	GlobalSection(SolutionConfigurationPlatforms) = preSolution
		Debug|x64 = Debug|x64
		Debug|x86 = Debug|x86
		Release|x64 = Release|x64
		Release|x86 = Release|x86
	EndGlobalSection
	GlobalSection(ProjectConfigurationPlatforms) = postSolution
		{D6081DD3-0BB0-4FD0-92CD-50B0A4A1BAA8}.Debug|x64.ActiveCfg = Debug|x64
		{D6081DD3-0BB0-4FD0-92CD-50B0A4A1BAA8}.Debug|x64.Build.0 = Debug|x64
		{D6081DD3-0BB0-4FD0-92CD-50B0A4A1BAA8}.Debug|x86.ActiveCfg = Debug|Win32
		{D6081DD3-0BB0-4FD0-92CD-50B0A4A1BAA8}.Debug|x86.Build.0 = Debug|Win32
		{D6081DD3-0BB0-4FD0-92CD-50B0A4A1BAA8}.Release|x64.ActiveCfg = Release|x64
		{D6081DD3-0BB0-4FD0-92CD-50B0A4A1BAA8}.Release|x64.Build.0 = Release|x64
		{D6081DD3-0BB0-4FD0-92CD-50B0A4A1BAA8}.Release|x86.ActiveCfg = Release|Win32
		{D6081DD3-0BB0-4FD0-92CD-50B0A4A1BAA8}.Release|x86.Build.0 = Release|Win32
	EndGlobalSection
	GlobalSection(SolutionProperties) = preSolution
		HideSolutionNode = FALSE
	EndGlobalSection
	GlobalSection(ExtensibilityGlobals) = postSolution
		SolutionGuid = {58E4328D-87CE-4B5D-91CD-8C18C362377E}
	EndGlobalSection
EndGlobal
